
Microsoft Visual Studio Solution File, Format Version 12.00
# Visual Studio Version 16
VisualStudioVersion = 16.0.29020.237
MinimumVisualStudioVersion = 10.0.40219.1
Project("{8BC9CEB8-8B4A-11D0-8D11-00A0C91BC942}") = "Cache", "Cache\Cache.vcxproj", "{91A6114E-BC81-4480-8E11-19612E33E066}"
EndProject
Global
	GlobalSection(SolutionConfigurationPlatforms) = preSolution
		Debug|x64 = Debug|x64
		Debug|x86 = Debug|x86
		Release|x64 = Release|x64
		Release|x86 = Release|x86
	EndGlobalSection
	GlobalSection(ProjectConfigurationPlatforms) = postSolution
		{91A6114E-BC81-4480-8E11-19612E33E066}.Debug|x64.ActiveCfg = Debug|x64
		{91A6114E-BC81-4480-8E11-19612E33E066}.Debug|x64.Build.0 = Debug|x64
		{91A6114E-BC81-4480-8E11-19612E33E066}.Debug|x86.ActiveCfg = Debug|Win32
		{91A6114E-BC81-4480-8E11-19612E33E066}.Debug|x86.Build.0 = Debug|Win32
		{91A6114E-BC81-4480-8E11-19612E33E066}.Release|x64.ActiveCfg = Release|x64
		{91A6114E-BC81-4480-8E11-19612E33E066}.Release|x64.Build.0 = Release|x64
		{91A6114E-BC81-4480-8E11-19612E33E066}.Release|x86.ActiveCfg = Release|Win32
		{91A6114E-BC81-4480-8E11-19612E33E066}.Release|x86.Build.0 = Release|Win32
	EndGlobalSection
	GlobalSection(SolutionProperties) = preSolution
		HideSolutionNode = FALSE
	EndGlobalSection
	GlobalSection(ExtensibilityGlobals) = postSolution
		SolutionGuid = {E9AFB1B3-567A-4CB4-84F0-715608C06B63}
	EndGlobalSection
EndGlobal
