
Microsoft Visual Studio Solution File, Format Version 12.00
# Visual Studio Version 16
VisualStudioVersion = 16.0.29025.244
MinimumVisualStudioVersion = 10.0.40219.1
Project("{8BC9CEB8-8B4A-11D0-8D11-00A0C91BC942}") = "first_week", "first_week\first_week.vcxproj", "{97A76576-5603-4F2B-AB37-4CEC844E0F16}"
EndProject
Global
	GlobalSection(SolutionConfigurationPlatforms) = preSolution
		Debug|x64 = Debug|x64
		Debug|x86 = Debug|x86
		Release|x64 = Release|x64
		Release|x86 = Release|x86
	EndGlobalSection
	GlobalSection(ProjectConfigurationPlatforms) = postSolution
		{97A76576-5603-4F2B-AB37-4CEC844E0F16}.Debug|x64.ActiveCfg = Debug|x64
		{97A76576-5603-4F2B-AB37-4CEC844E0F16}.Debug|x64.Build.0 = Debug|x64
		{97A76576-5603-4F2B-AB37-4CEC844E0F16}.Debug|x86.ActiveCfg = Debug|Win32
		{97A76576-5603-4F2B-AB37-4CEC844E0F16}.Debug|x86.Build.0 = Debug|Win32
		{97A76576-5603-4F2B-AB37-4CEC844E0F16}.Release|x64.ActiveCfg = Release|x64
		{97A76576-5603-4F2B-AB37-4CEC844E0F16}.Release|x64.Build.0 = Release|x64
		{97A76576-5603-4F2B-AB37-4CEC844E0F16}.Release|x86.ActiveCfg = Release|Win32
		{97A76576-5603-4F2B-AB37-4CEC844E0F16}.Release|x86.Build.0 = Release|Win32
	EndGlobalSection
	GlobalSection(SolutionProperties) = preSolution
		HideSolutionNode = FALSE
	EndGlobalSection
	GlobalSection(ExtensibilityGlobals) = postSolution
		SolutionGuid = {1B36D3EB-0351-46F4-B9A0-8CA03173C9A5}
	EndGlobalSection
EndGlobal
