
Microsoft Visual Studio Solution File, Format Version 12.00
# Visual Studio Version 16
VisualStudioVersion = 16.0.28922.388
MinimumVisualStudioVersion = 10.0.40219.1
Project("{8BC9CEB8-8B4A-11D0-8D11-00A0C91BC942}") = "second_week", "second_week\second_week.vcxproj", "{D746FA6E-FD88-49E6-8BAC-C404B82B3879}"
EndProject
Global
	GlobalSection(SolutionConfigurationPlatforms) = preSolution
		Debug|x64 = Debug|x64
		Debug|x86 = Debug|x86
		Release|x64 = Release|x64
		Release|x86 = Release|x86
	EndGlobalSection
	GlobalSection(ProjectConfigurationPlatforms) = postSolution
		{D746FA6E-FD88-49E6-8BAC-C404B82B3879}.Debug|x64.ActiveCfg = Debug|x64
		{D746FA6E-FD88-49E6-8BAC-C404B82B3879}.Debug|x64.Build.0 = Debug|x64
		{D746FA6E-FD88-49E6-8BAC-C404B82B3879}.Debug|x86.ActiveCfg = Debug|Win32
		{D746FA6E-FD88-49E6-8BAC-C404B82B3879}.Debug|x86.Build.0 = Debug|Win32
		{D746FA6E-FD88-49E6-8BAC-C404B82B3879}.Release|x64.ActiveCfg = Release|x64
		{D746FA6E-FD88-49E6-8BAC-C404B82B3879}.Release|x64.Build.0 = Release|x64
		{D746FA6E-FD88-49E6-8BAC-C404B82B3879}.Release|x86.ActiveCfg = Release|Win32
		{D746FA6E-FD88-49E6-8BAC-C404B82B3879}.Release|x86.Build.0 = Release|Win32
	EndGlobalSection
	GlobalSection(SolutionProperties) = preSolution
		HideSolutionNode = FALSE
	EndGlobalSection
	GlobalSection(ExtensibilityGlobals) = postSolution
		SolutionGuid = {756A59E4-69F7-47E7-AD87-B99E4C58D791}
	EndGlobalSection
EndGlobal
