<?xml version="1.0" encoding="utf-8"?>
<Project ToolsVersion="4.0" xmlns="http://schemas.microsoft.com/developer/msbuild/2003">
  <ItemGroup>
    <Filter Include="Исходные файлы">
      <UniqueIdentifier>{4FC737F1-C7A5-4376-A066-2A32D752A2FF}</UniqueIdentifier>
      <Extensions>cpp;c;cc;cxx;def;odl;idl;hpj;bat;asm;asmx</Extensions>
    </Filter>
    <Filter Include="Файлы заголовков">
      <UniqueIdentifier>{93995380-89BD-4b04-88EB-625FBE52EBFB}</UniqueIdentifier>
      <Extensions>h;hh;hpp;hxx;hm;inl;inc;ipp;xsd</Extensions>
    </Filter>
    <Filter Include="Файлы ресурсов">
      <UniqueIdentifier>{67DA6AB6-F800-4c08-8B7A-83BB121AAD01}</UniqueIdentifier>
      <Extensions>rc;ico;cur;bmp;dlg;rc2;rct;bin;rgs;gif;jpg;jpeg;jpe;resx;tiff;tif;png;wav;mfcribbon-ms</Extensions>
    </Filter>
  </ItemGroup>
  <ItemGroup>
    <ClCompile Include="main.cpp">
      <Filter>Исходные файлы</Filter>
    </ClCompile>
    <ClCompile Include="josephus_permutation.cpp">
      <Filter>Исходные файлы</Filter>
    </ClCompile>
    <ClCompile Include="UnitTestsFramework.cpp">
      <Filter>Исходные файлы</Filter>
    </ClCompile>
    <ClCompile Include="group_heavy_strings.cpp">
      <Filter>Исходные файлы</Filter>
    </ClCompile>
    <ClCompile Include="simple_vector.cpp">
      <Filter>Исходные файлы</Filter>
    </ClCompile>
    <ClCompile Include="split_into_sentences.cpp">
      <Filter>Исходные файлы</Filter>
    </ClCompile>
    <ClCompile Include="merge_sort.cpp">
      <Filter>Исходные файлы</Filter>
    </ClCompile>
    <ClCompile Include="priority_collection.cpp">
      <Filter>Исходные файлы</Filter>
    </ClCompile>
    <ClCompile Include="matrix_sum.cpp">
      <Filter>Исходные файлы</Filter>
    </ClCompile>
    <ClCompile Include="paginator.cpp">
      <Filter>Исходные файлы</Filter>
    </ClCompile>
    <ClCompile Include="explore_key_words.cpp">
      <Filter>Исходные файлы</Filter>
    </ClCompile>
    <ClCompile Include="synchronized.cpp">
      <Filter>Исходные файлы</Filter>
    </ClCompile>
    <ClCompile Include="concurrent_map.cpp">
      <Filter>Исходные файлы</Filter>
    </ClCompile>
  </ItemGroup>
  <ItemGroup>
    <ClInclude Include="Profiler.h">
      <Filter>Файлы заголовков</Filter>
    </ClInclude>
    <ClInclude Include="UnitTestsFramework.h">
      <Filter>Файлы заголовков</Filter>
    </ClInclude>
    <ClInclude Include="josephus_permutation.h">
      <Filter>Файлы заголовков</Filter>
    </ClInclude>
    <ClInclude Include="group_heavy_strings.h">
      <Filter>Файлы заголовков</Filter>
    </ClInclude>
    <ClInclude Include="simple_vector.h">
      <Filter>Файлы заголовков</Filter>
    </ClInclude>
    <ClInclude Include="split_into_sentences.h">
      <Filter>Файлы заголовков</Filter>
    </ClInclude>
    <ClInclude Include="merge_sort.h">
      <Filter>Файлы заголовков</Filter>
    </ClInclude>
    <ClInclude Include="priority_collection.h">
      <Filter>Файлы заголовков</Filter>
    </ClInclude>
    <ClInclude Include="matrix_sum.h">
      <Filter>Файлы заголовков</Filter>
    </ClInclude>
    <ClInclude Include="paginator.h">
      <Filter>Файлы заголовков</Filter>
    </ClInclude>
    <ClInclude Include="explore_key_words.h">
      <Filter>Файлы заголовков</Filter>
    </ClInclude>
    <ClInclude Include="synchronized.h">
      <Filter>Файлы заголовков</Filter>
    </ClInclude>
    <ClInclude Include="concurrent_map.h">
      <Filter>Файлы заголовков</Filter>
    </ClInclude>
  </ItemGroup>
</Project>