
Microsoft Visual Studio Solution File, Format Version 12.00
# Visual Studio Version 16
VisualStudioVersion = 16.0.28922.388
MinimumVisualStudioVersion = 10.0.40219.1
Project("{8BC9CEB8-8B4A-11D0-8D11-00A0C91BC942}") = "sixth_week(final_project)", "sixth_week(final_project)\sixth_week(final_project).vcxproj", "{4825F4CC-AC15-417F-B708-7D12C0D75A5A}"
EndProject
Global
	GlobalSection(SolutionConfigurationPlatforms) = preSolution
		Debug|x64 = Debug|x64
		Debug|x86 = Debug|x86
		Release|x64 = Release|x64
		Release|x86 = Release|x86
	EndGlobalSection
	GlobalSection(ProjectConfigurationPlatforms) = postSolution
		{4825F4CC-AC15-417F-B708-7D12C0D75A5A}.Debug|x64.ActiveCfg = Debug|x64
		{4825F4CC-AC15-417F-B708-7D12C0D75A5A}.Debug|x64.Build.0 = Debug|x64
		{4825F4CC-AC15-417F-B708-7D12C0D75A5A}.Debug|x86.ActiveCfg = Debug|Win32
		{4825F4CC-AC15-417F-B708-7D12C0D75A5A}.Debug|x86.Build.0 = Debug|Win32
		{4825F4CC-AC15-417F-B708-7D12C0D75A5A}.Release|x64.ActiveCfg = Release|x64
		{4825F4CC-AC15-417F-B708-7D12C0D75A5A}.Release|x64.Build.0 = Release|x64
		{4825F4CC-AC15-417F-B708-7D12C0D75A5A}.Release|x86.ActiveCfg = Release|Win32
		{4825F4CC-AC15-417F-B708-7D12C0D75A5A}.Release|x86.Build.0 = Release|Win32
	EndGlobalSection
	GlobalSection(SolutionProperties) = preSolution
		HideSolutionNode = FALSE
	EndGlobalSection
	GlobalSection(ExtensibilityGlobals) = postSolution
		SolutionGuid = {4DC013E8-C5B8-4906-BE67-48AD0C121708}
	EndGlobalSection
EndGlobal
